// !$*UTF8*$!
{
	archiveVersion = 1;
	classes = {
	};
	objectVersion = 45;
	objects = {

/* Begin PBXBuildFile section */
		1D3623260D0F684500981E51 /* CocoaCampAppDelegate.m in Sources */ = {isa = PBXBuildFile; fileRef = 1D3623250D0F684500981E51 /* CocoaCampAppDelegate.m */; };
		1D60589B0D05DD56006BFB54 /* main.m in Sources */ = {isa = PBXBuildFile; fileRef = 29B97316FDCFA39411CA2CEA /* main.m */; };
		1D60589F0D05DD5A006BFB54 /* Foundation.framework in Frameworks */ = {isa = PBXBuildFile; fileRef = 1D30AB110D05D00D00671497 /* Foundation.framework */; };
		1DF5F4E00D08C38300B7A737 /* UIKit.framework in Frameworks */ = {isa = PBXBuildFile; fileRef = 1DF5F4DF0D08C38300B7A737 /* UIKit.framework */; };
		28216C970DB411BC00E5133A /* FirstViewController.m in Sources */ = {isa = PBXBuildFile; fileRef = 28216C960DB411BC00E5133A /* FirstViewController.m */; };
		282CCBFE0DB6C98000C4EA27 /* SecondView.xib in Resources */ = {isa = PBXBuildFile; fileRef = 282CCBFD0DB6C98000C4EA27 /* SecondView.xib */; };
		288765080DF74369002DB57D /* CoreGraphics.framework in Frameworks */ = {isa = PBXBuildFile; fileRef = 288765070DF74369002DB57D /* CoreGraphics.framework */; };
		4182E52B120E14F70084F281 /* roundrecbuttonnorm.png in Resources */ = {isa = PBXBuildFile; fileRef = 4182E52A120E14F70084F281 /* roundrecbuttonnorm.png */; };
		4182E531120E151B0084F281 /* headerBackground.png in Resources */ = {isa = PBXBuildFile; fileRef = 4182E530120E151B0084F281 /* headerBackground.png */; };
		4182E536120E15420084F281 /* FlickrPageView.xib in Resources */ = {isa = PBXBuildFile; fileRef = 4182E532120E15420084F281 /* FlickrPageView.xib */; };
		4182E537120E15420084F281 /* FlickrPageViewController.m in Sources */ = {isa = PBXBuildFile; fileRef = 4182E534120E15420084F281 /* FlickrPageViewController.m */; };
		4182E538120E15420084F281 /* headerBackground.png in Resources */ = {isa = PBXBuildFile; fileRef = 4182E535120E15420084F281 /* headerBackground.png */; };
		4182E53C120E15560084F281 /* FlickrController.m in Sources */ = {isa = PBXBuildFile; fileRef = 4182E53A120E15560084F281 /* FlickrController.m */; };
		4182E53D120E15560084F281 /* FlickrController.xib in Resources */ = {isa = PBXBuildFile; fileRef = 4182E53B120E15560084F281 /* FlickrController.xib */; };
		4182E540120E15A90084F281 /* MainWindow.xib in Resources */ = {isa = PBXBuildFile; fileRef = 4182E53F120E15A90084F281 /* MainWindow.xib */; };
		41F302321213331400777C3A /* roundrecbuttonpress.png in Resources */ = {isa = PBXBuildFile; fileRef = 41F302311213331400777C3A /* roundrecbuttonpress.png */; };
		AB2AE44E11EBAA8E00015C01 /* 512x512.png in Resources */ = {isa = PBXBuildFile; fileRef = AB2AE44D11EBAA8E00015C01 /* 512x512.png */; };
		AB2AE45A11EBACF500015C01 /* iPhoneAppIcon.png in Resources */ = {isa = PBXBuildFile; fileRef = AB2AE45811EBACF500015C01 /* iPhoneAppIcon.png */; };
		AB2AE45B11EBACF500015C01 /* iPhoneAppIcon@2x.png in Resources */ = {isa = PBXBuildFile; fileRef = AB2AE45911EBACF500015C01 /* iPhoneAppIcon@2x.png */; };
		AB2AE45F11EBAD7D00015C01 /* LICENSE.txt in Resources */ = {isa = PBXBuildFile; fileRef = AB2AE45E11EBAD7D00015C01 /* LICENSE.txt */; };
/* End PBXBuildFile section */

/* Begin PBXFileReference section */
		1D30AB110D05D00D00671497 /* Foundation.framework */ = {isa = PBXFileReference; lastKnownFileType = wrapper.framework; name = Foundation.framework; path = System/Library/Frameworks/Foundation.framework; sourceTree = SDKROOT; };
		1D3623240D0F684500981E51 /* CocoaCampAppDelegate.h */ = {isa = PBXFileReference; fileEncoding = 4; lastKnownFileType = sourcecode.c.h; path = CocoaCampAppDelegate.h; sourceTree = "<group>"; };
		1D3623250D0F684500981E51 /* CocoaCampAppDelegate.m */ = {isa = PBXFileReference; fileEncoding = 4; lastKnownFileType = sourcecode.c.objc; path = CocoaCampAppDelegate.m; sourceTree = "<group>"; };
		1D6058910D05DD3D006BFB54 /* CocoaCamp.app */ = {isa = PBXFileReference; explicitFileType = wrapper.application; includeInIndex = 0; path = CocoaCamp.app; sourceTree = BUILT_PRODUCTS_DIR; };
		1DF5F4DF0D08C38300B7A737 /* UIKit.framework */ = {isa = PBXFileReference; lastKnownFileType = wrapper.framework; name = UIKit.framework; path = System/Library/Frameworks/UIKit.framework; sourceTree = SDKROOT; };
		28216C950DB411BC00E5133A /* FirstViewController.h */ = {isa = PBXFileReference; fileEncoding = 4; lastKnownFileType = sourcecode.c.h; path = FirstViewController.h; sourceTree = "<group>"; };
		28216C960DB411BC00E5133A /* FirstViewController.m */ = {isa = PBXFileReference; fileEncoding = 4; lastKnownFileType = sourcecode.c.objc; path = FirstViewController.m; sourceTree = "<group>"; };
		282CCBFD0DB6C98000C4EA27 /* SecondView.xib */ = {isa = PBXFileReference; lastKnownFileType = file.xib; path = SecondView.xib; sourceTree = "<group>"; };
		288765070DF74369002DB57D /* CoreGraphics.framework */ = {isa = PBXFileReference; lastKnownFileType = wrapper.framework; name = CoreGraphics.framework; path = System/Library/Frameworks/CoreGraphics.framework; sourceTree = SDKROOT; };
		28A0AB4B0D9B1048005BE974 /* CocoaCamp_Prefix.pch */ = {isa = PBXFileReference; fileEncoding = 4; lastKnownFileType = sourcecode.c.h; path = CocoaCamp_Prefix.pch; sourceTree = "<group>"; };
		29B97316FDCFA39411CA2CEA /* main.m */ = {isa = PBXFileReference; fileEncoding = 4; lastKnownFileType = sourcecode.c.objc; path = main.m; sourceTree = "<group>"; };
		4182E52A120E14F70084F281 /* roundrecbuttonnorm.png */ = {isa = PBXFileReference; lastKnownFileType = image.png; path = roundrecbuttonnorm.png; sourceTree = "<group>"; };
		4182E52C120E15090084F281 /* photoIcon.png */ = {isa = PBXFileReference; lastKnownFileType = image.png; path = photoIcon.png; sourceTree = "<group>"; };
		4182E530120E151B0084F281 /* headerBackground.png */ = {isa = PBXFileReference; lastKnownFileType = image.png; path = headerBackground.png; sourceTree = "<group>"; };
		4182E532120E15420084F281 /* FlickrPageView.xib */ = {isa = PBXFileReference; lastKnownFileType = file.xib; path = FlickrPageView.xib; sourceTree = "<group>"; };
		4182E533120E15420084F281 /* FlickrPageViewController.h */ = {isa = PBXFileReference; fileEncoding = 4; lastKnownFileType = sourcecode.c.h; path = FlickrPageViewController.h; sourceTree = "<group>"; };
		4182E534120E15420084F281 /* FlickrPageViewController.m */ = {isa = PBXFileReference; fileEncoding = 4; lastKnownFileType = sourcecode.c.objc; path = FlickrPageViewController.m; sourceTree = "<group>"; };
		4182E535120E15420084F281 /* headerBackground.png */ = {isa = PBXFileReference; lastKnownFileType = image.png; path = headerBackground.png; sourceTree = "<group>"; };
		4182E539120E15560084F281 /* FlickrController.h */ = {isa = PBXFileReference; fileEncoding = 4; lastKnownFileType = sourcecode.c.h; path = FlickrController.h; sourceTree = "<group>"; };
		4182E53A120E15560084F281 /* FlickrController.m */ = {isa = PBXFileReference; fileEncoding = 4; lastKnownFileType = sourcecode.c.objc; path = FlickrController.m; sourceTree = "<group>"; };
		4182E53B120E15560084F281 /* FlickrController.xib */ = {isa = PBXFileReference; lastKnownFileType = file.xib; path = FlickrController.xib; sourceTree = "<group>"; };
		4182E53F120E15A90084F281 /* MainWindow.xib */ = {isa = PBXFileReference; lastKnownFileType = file.xib; path = MainWindow.xib; sourceTree = "<group>"; };
		41F302311213331400777C3A /* roundrecbuttonpress.png */ = {isa = PBXFileReference; lastKnownFileType = image.png; path = roundrecbuttonpress.png; sourceTree = "<group>"; };
		8D1107310486CEB800E47090 /* CocoaCamp-Info.plist */ = {isa = PBXFileReference; fileEncoding = 4; lastKnownFileType = text.plist.xml; path = "CocoaCamp-Info.plist"; plistStructureDefinitionIdentifier = "com.apple.xcode.plist.structure-definition.iphone.info-plist"; sourceTree = "<group>"; };
		AB2AE44D11EBAA8E00015C01 /* 512x512.png */ = {isa = PBXFileReference; lastKnownFileType = image.png; path = 512x512.png; sourceTree = "<group>"; };
		AB2AE45811EBACF500015C01 /* iPhoneAppIcon.png */ = {isa = PBXFileReference; lastKnownFileType = image.png; path = iPhoneAppIcon.png; sourceTree = "<group>"; };
		AB2AE45911EBACF500015C01 /* iPhoneAppIcon@2x.png */ = {isa = PBXFileReference; lastKnownFileType = image.png; path = "iPhoneAppIcon@2x.png"; sourceTree = "<group>"; };
		AB2AE45E11EBAD7D00015C01 /* LICENSE.txt */ = {isa = PBXFileReference; fileEncoding = 4; lastKnownFileType = text; path = LICENSE.txt; sourceTree = "<group>"; };
/* End PBXFileReference section */

/* Begin PBXFrameworksBuildPhase section */
		1D60588F0D05DD3D006BFB54 /* Frameworks */ = {
			isa = PBXFrameworksBuildPhase;
			buildActionMask = 2147483647;
			files = (
				1D60589F0D05DD5A006BFB54 /* Foundation.framework in Frameworks */,
				1DF5F4E00D08C38300B7A737 /* UIKit.framework in Frameworks */,
				288765080DF74369002DB57D /* CoreGraphics.framework in Frameworks */,
			);
			runOnlyForDeploymentPostprocessing = 0;
		};
/* End PBXFrameworksBuildPhase section */

/* Begin PBXGroup section */
		080E96DDFE201D6D7F000001 /* Classes */ = {
			isa = PBXGroup;
			children = (
				4182E539120E15560084F281 /* FlickrController.h */,
				4182E53A120E15560084F281 /* FlickrController.m */,
				4182E53B120E15560084F281 /* FlickrController.xib */,
				4182E532120E15420084F281 /* FlickrPageView.xib */,
				4182E533120E15420084F281 /* FlickrPageViewController.h */,
				4182E534120E15420084F281 /* FlickrPageViewController.m */,
				4182E535120E15420084F281 /* headerBackground.png */,
				28216C950DB411BC00E5133A /* FirstViewController.h */,
				28216C960DB411BC00E5133A /* FirstViewController.m */,
				1D3623240D0F684500981E51 /* CocoaCampAppDelegate.h */,
				1D3623250D0F684500981E51 /* CocoaCampAppDelegate.m */,
			);
			path = Classes;
			sourceTree = "<group>";
		};
		19C28FACFE9D520D11CA2CBB /* Products */ = {
			isa = PBXGroup;
			children = (
				1D6058910D05DD3D006BFB54 /* CocoaCamp.app */,
			);
			name = Products;
			sourceTree = "<group>";
		};
		29B97314FDCFA39411CA2CEA /* CocoaCamp */ = {
			isa = PBXGroup;
			children = (
				080E96DDFE201D6D7F000001 /* Classes */,
				29B97315FDCFA39411CA2CEA /* Other Sources */,
				29B97317FDCFA39411CA2CEA /* Resources */,
				29B97323FDCFA39411CA2CEA /* Frameworks */,
				19C28FACFE9D520D11CA2CBB /* Products */,
				AB2AE45E11EBAD7D00015C01 /* LICENSE.txt */,
			);
			name = CocoaCamp;
			sourceTree = "<group>";
		};
		29B97315FDCFA39411CA2CEA /* Other Sources */ = {
			isa = PBXGroup;
			children = (
				28A0AB4B0D9B1048005BE974 /* CocoaCamp_Prefix.pch */,
				29B97316FDCFA39411CA2CEA /* main.m */,
			);
			name = "Other Sources";
			sourceTree = "<group>";
		};
		29B97317FDCFA39411CA2CEA /* Resources */ = {
			isa = PBXGroup;
			children = (
				AB2AE44A11EBAA8500015C01 /* images */,
				282CCBFD0DB6C98000C4EA27 /* SecondView.xib */,
				4182E53F120E15A90084F281 /* MainWindow.xib */,
				8D1107310486CEB800E47090 /* CocoaCamp-Info.plist */,
			);
			name = Resources;
			sourceTree = "<group>";
		};
		29B97323FDCFA39411CA2CEA /* Frameworks */ = {
			isa = PBXGroup;
			children = (
				1DF5F4DF0D08C38300B7A737 /* UIKit.framework */,
				1D30AB110D05D00D00671497 /* Foundation.framework */,
				288765070DF74369002DB57D /* CoreGraphics.framework */,
			);
			name = Frameworks;
			sourceTree = "<group>";
		};
		AB2AE44A11EBAA8500015C01 /* images */ = {
			isa = PBXGroup;
			children = (
				4182E530120E151B0084F281 /* headerBackground.png */,
				4182E52C120E15090084F281 /* photoIcon.png */,
				4182E52A120E14F70084F281 /* roundrecbuttonnorm.png */,
				41F302311213331400777C3A /* roundrecbuttonpress.png */,
				AB2AE45811EBACF500015C01 /* iPhoneAppIcon.png */,
				AB2AE45911EBACF500015C01 /* iPhoneAppIcon@2x.png */,
				AB2AE44D11EBAA8E00015C01 /* 512x512.png */,
			);
			name = images;
			sourceTree = "<group>";
		};
/* End PBXGroup section */

/* Begin PBXNativeTarget section */
		1D6058900D05DD3D006BFB54 /* CocoaCamp */ = {
			isa = PBXNativeTarget;
			buildConfigurationList = 1D6058960D05DD3E006BFB54 /* Build configuration list for PBXNativeTarget "CocoaCamp" */;
			buildPhases = (
				1D60588D0D05DD3D006BFB54 /* Resources */,
				1D60588E0D05DD3D006BFB54 /* Sources */,
				1D60588F0D05DD3D006BFB54 /* Frameworks */,
			);
			buildRules = (
			);
			dependencies = (
			);
			name = CocoaCamp;
			productName = CocoaCamp;
			productReference = 1D6058910D05DD3D006BFB54 /* CocoaCamp.app */;
			productType = "com.apple.product-type.application";
		};
/* End PBXNativeTarget section */

/* Begin PBXProject section */
		29B97313FDCFA39411CA2CEA /* Project object */ = {
			isa = PBXProject;
			buildConfigurationList = C01FCF4E08A954540054247B /* Build configuration list for PBXProject "CocoaCamp" */;
			compatibilityVersion = "Xcode 3.1";
			hasScannedForEncodings = 1;
			mainGroup = 29B97314FDCFA39411CA2CEA /* CocoaCamp */;
			projectDirPath = "";
			projectRoot = "";
			targets = (
				1D6058900D05DD3D006BFB54 /* CocoaCamp */,
			);
		};
/* End PBXProject section */

/* Begin PBXResourcesBuildPhase section */
		1D60588D0D05DD3D006BFB54 /* Resources */ = {
			isa = PBXResourcesBuildPhase;
			buildActionMask = 2147483647;
			files = (
				282CCBFE0DB6C98000C4EA27 /* SecondView.xib in Resources */,
				AB2AE44E11EBAA8E00015C01 /* 512x512.png in Resources */,
				AB2AE45A11EBACF500015C01 /* iPhoneAppIcon.png in Resources */,
				AB2AE45B11EBACF500015C01 /* iPhoneAppIcon@2x.png in Resources */,
				AB2AE45F11EBAD7D00015C01 /* LICENSE.txt in Resources */,
				4182E52B120E14F70084F281 /* roundrecbuttonnorm.png in Resources */,
				4182E531120E151B0084F281 /* headerBackground.png in Resources */,
				4182E536120E15420084F281 /* FlickrPageView.xib in Resources */,
				4182E538120E15420084F281 /* headerBackground.png in Resources */,
				4182E53D120E15560084F281 /* FlickrController.xib in Resources */,
				4182E540120E15A90084F281 /* MainWindow.xib in Resources */,
				41F302321213331400777C3A /* roundrecbuttonpress.png in Resources */,
			);
			runOnlyForDeploymentPostprocessing = 0;
		};
/* End PBXResourcesBuildPhase section */

/* Begin PBXSourcesBuildPhase section */
		1D60588E0D05DD3D006BFB54 /* Sources */ = {
			isa = PBXSourcesBuildPhase;
			buildActionMask = 2147483647;
			files = (
				1D60589B0D05DD56006BFB54 /* main.m in Sources */,
				1D3623260D0F684500981E51 /* CocoaCampAppDelegate.m in Sources */,
				28216C970DB411BC00E5133A /* FirstViewController.m in Sources */,
				4182E537120E15420084F281 /* FlickrPageViewController.m in Sources */,
				4182E53C120E15560084F281 /* FlickrController.m in Sources */,
			);
			runOnlyForDeploymentPostprocessing = 0;
		};
/* End PBXSourcesBuildPhase section */

/* Begin XCBuildConfiguration section */
		1D6058940D05DD3E006BFB54 /* Debug */ = {
			isa = XCBuildConfiguration;
			buildSettings = {
				ALWAYS_SEARCH_USER_PATHS = NO;
				COPY_PHASE_STRIP = NO;
				GCC_DYNAMIC_NO_PIC = NO;
				GCC_OPTIMIZATION_LEVEL = 0;
				GCC_PRECOMPILE_PREFIX_HEADER = YES;
				GCC_PREFIX_HEADER = CocoaCamp_Prefix.pch;
				INFOPLIST_FILE = "CocoaCamp-Info.plist";
				PRODUCT_NAME = CocoaCamp;
			};
			name = Debug;
		};
		1D6058950D05DD3E006BFB54 /* Release */ = {
			isa = XCBuildConfiguration;
			buildSettings = {
				ALWAYS_SEARCH_USER_PATHS = NO;
				COPY_PHASE_STRIP = YES;
				GCC_PRECOMPILE_PREFIX_HEADER = YES;
				GCC_PREFIX_HEADER = CocoaCamp_Prefix.pch;
				INFOPLIST_FILE = "CocoaCamp-Info.plist";
				PRODUCT_NAME = CocoaCamp;
				VALIDATE_PRODUCT = YES;
			};
			name = Release;
		};
		C01FCF4F08A954540054247B /* Debug */ = {
			isa = XCBuildConfiguration;
			buildSettings = {
				ARCHS = "$(ARCHS_STANDARD_32_BIT)";
				"CODE_SIGN_IDENTITY[sdk=iphoneos*]" = "iPhone Developer";
				GCC_C_LANGUAGE_STANDARD = c99;
				GCC_WARN_ABOUT_RETURN_TYPE = YES;
				GCC_WARN_UNUSED_VARIABLE = YES;
				PREBINDING = NO;
				SDKROOT = iphoneos3.2;
			};
			name = Debug;
		};
		C01FCF5008A954540054247B /* Release */ = {
			isa = XCBuildConfiguration;
			buildSettings = {
				ARCHS = "$(ARCHS_STANDARD_32_BIT)";
				"CODE_SIGN_IDENTITY[sdk=iphoneos*]" = "iPhone Developer";
				GCC_C_LANGUAGE_STANDARD = c99;
				GCC_WARN_ABOUT_RETURN_TYPE = YES;
				GCC_WARN_UNUSED_VARIABLE = YES;
				OTHER_CFLAGS = "-DNS_BLOCK_ASSERTIONS=1";
				PREBINDING = NO;
				SDKROOT = iphoneos3.2;
			};
			name = Release;
		};
/* End XCBuildConfiguration section */

/* Begin XCConfigurationList section */
		1D6058960D05DD3E006BFB54 /* Build configuration list for PBXNativeTarget "CocoaCamp" */ = {
			isa = XCConfigurationList;
			buildConfigurations = (
				1D6058940D05DD3E006BFB54 /* Debug */,
				1D6058950D05DD3E006BFB54 /* Release */,
			);
			defaultConfigurationIsVisible = 0;
			defaultConfigurationName = Release;
		};
		C01FCF4E08A954540054247B /* Build configuration list for PBXProject "CocoaCamp" */ = {
			isa = XCConfigurationList;
			buildConfigurations = (
				C01FCF4F08A954540054247B /* Debug */,
				C01FCF5008A954540054247B /* Release */,
			);
			defaultConfigurationIsVisible = 0;
			defaultConfigurationName = Release;
		};
/* End XCConfigurationList section */
	};
	rootObject = 29B97313FDCFA39411CA2CEA /* Project object */;
}
