// !$*UTF8*$!
{
	archiveVersion = 1;
	classes = {
	};
	objectVersion = 45;
	objects = {

/* Begin PBXBuildFile section */
		03AF412B12120F8D0061D5DD /* FlickrController.m in Sources */ = {isa = PBXBuildFile; fileRef = 03AF412712120F8D0061D5DD /* FlickrController.m */; };
		03AF412C12120F8D0061D5DD /* FlickrController.xib in Resources */ = {isa = PBXBuildFile; fileRef = 03AF412812120F8D0061D5DD /* FlickrController.xib */; };
		03AF412D12120F8D0061D5DD /* FlickrPageViewController.m in Sources */ = {isa = PBXBuildFile; fileRef = 03AF412A12120F8D0061D5DD /* FlickrPageViewController.m */; };
		03AF413012120FA80061D5DD /* photoIcon.png in Resources */ = {isa = PBXBuildFile; fileRef = 03AF412E12120FA80061D5DD /* photoIcon.png */; };
		03AF413112120FA80061D5DD /* roundrecbuttonnorm.png in Resources */ = {isa = PBXBuildFile; fileRef = 03AF412F12120FA80061D5DD /* roundrecbuttonnorm.png */; };
		03CD36ED120D0F240054728C /* SessionViewController.m in Sources */ = {isa = PBXBuildFile; fileRef = 03CD36EB120D0F240054728C /* SessionViewController.m */; };
		03CD36EE120D0F240054728C /* SessionViewController.xib in Resources */ = {isa = PBXBuildFile; fileRef = 03CD36EC120D0F240054728C /* SessionViewController.xib */; };
		03CD3737120D68940054728C /* NSObject+SBJSON.m in Sources */ = {isa = PBXBuildFile; fileRef = 03CD372C120D68940054728C /* NSObject+SBJSON.m */; };
		03CD3738120D68940054728C /* NSString+SBJSON.m in Sources */ = {isa = PBXBuildFile; fileRef = 03CD372E120D68940054728C /* NSString+SBJSON.m */; };
		03CD3739120D68940054728C /* SBJSON.m in Sources */ = {isa = PBXBuildFile; fileRef = 03CD3730120D68940054728C /* SBJSON.m */; };
		03CD373A120D68940054728C /* SBJsonBase.m in Sources */ = {isa = PBXBuildFile; fileRef = 03CD3732120D68940054728C /* SBJsonBase.m */; };
		03CD373B120D68940054728C /* SBJsonParser.m in Sources */ = {isa = PBXBuildFile; fileRef = 03CD3734120D68940054728C /* SBJsonParser.m */; };
		03CD373C120D68940054728C /* SBJsonWriter.m in Sources */ = {isa = PBXBuildFile; fileRef = 03CD3736120D68940054728C /* SBJsonWriter.m */; };
		1D3623260D0F684500981E51 /* CocoaCampAppDelegate.m in Sources */ = {isa = PBXBuildFile; fileRef = 1D3623250D0F684500981E51 /* CocoaCampAppDelegate.m */; };
		1D60589B0D05DD56006BFB54 /* main.m in Sources */ = {isa = PBXBuildFile; fileRef = 29B97316FDCFA39411CA2CEA /* main.m */; };
		1D60589F0D05DD5A006BFB54 /* Foundation.framework in Frameworks */ = {isa = PBXBuildFile; fileRef = 1D30AB110D05D00D00671497 /* Foundation.framework */; };
		1DF5F4E00D08C38300B7A737 /* UIKit.framework in Frameworks */ = {isa = PBXBuildFile; fileRef = 1DF5F4DF0D08C38300B7A737 /* UIKit.framework */; };
		28216C970DB411BC00E5133A /* FirstViewController.m in Sources */ = {isa = PBXBuildFile; fileRef = 28216C960DB411BC00E5133A /* FirstViewController.m */; };
		282CCBFE0DB6C98000C4EA27 /* SecondView.xib in Resources */ = {isa = PBXBuildFile; fileRef = 282CCBFD0DB6C98000C4EA27 /* SecondView.xib */; };
		288765080DF74369002DB57D /* CoreGraphics.framework in Frameworks */ = {isa = PBXBuildFile; fileRef = 288765070DF74369002DB57D /* CoreGraphics.framework */; };
		28AD73880D9D96C1002E5188 /* MainWindow.xib in Resources */ = {isa = PBXBuildFile; fileRef = 28AD73870D9D96C1002E5188 /* MainWindow.xib */; };
		AB2AE44E11EBAA8E00015C01 /* 512x512.png in Resources */ = {isa = PBXBuildFile; fileRef = AB2AE44D11EBAA8E00015C01 /* 512x512.png */; };
		AB2AE45A11EBACF500015C01 /* iPhoneAppIcon.png in Resources */ = {isa = PBXBuildFile; fileRef = AB2AE45811EBACF500015C01 /* iPhoneAppIcon.png */; };
		AB2AE45B11EBACF500015C01 /* iPhoneAppIcon@2x.png in Resources */ = {isa = PBXBuildFile; fileRef = AB2AE45911EBACF500015C01 /* iPhoneAppIcon@2x.png */; };
		AB2AE45F11EBAD7D00015C01 /* LICENSE.txt in Resources */ = {isa = PBXBuildFile; fileRef = AB2AE45E11EBAD7D00015C01 /* LICENSE.txt */; };
		FB477A8B120CA9CF00FA7C4E /* libThree20.a in Frameworks */ = {isa = PBXBuildFile; fileRef = FB477A42120CA95E00FA7C4E /* libThree20.a */; };
		FB477A8C120CA9D000FA7C4E /* libThree20Core.a in Frameworks */ = {isa = PBXBuildFile; fileRef = FB477A69120CA9A500FA7C4E /* libThree20Core.a */; };
		FB477A8D120CA9D100FA7C4E /* libThree20Network.a in Frameworks */ = {isa = PBXBuildFile; fileRef = FB477A6F120CA9A500FA7C4E /* libThree20Network.a */; };
		FB477A8E120CA9D100FA7C4E /* libThree20Style.a in Frameworks */ = {isa = PBXBuildFile; fileRef = FB477A75120CA9A500FA7C4E /* libThree20Style.a */; };
		FB477A8F120CA9E000FA7C4E /* libThree20UI.a in Frameworks */ = {isa = PBXBuildFile; fileRef = FB477A87120CA9A500FA7C4E /* libThree20UI.a */; };
		FB477A90120CA9E200FA7C4E /* libThree20UICommon.a in Frameworks */ = {isa = PBXBuildFile; fileRef = FB477A7B120CA9A500FA7C4E /* libThree20UICommon.a */; };
		FB477A91120CA9E200FA7C4E /* libThree20UINavigator.a in Frameworks */ = {isa = PBXBuildFile; fileRef = FB477A81120CA9A500FA7C4E /* libThree20UINavigator.a */; };
		FB477AA2120CAAB700FA7C4E /* Three20.bundle in Resources */ = {isa = PBXBuildFile; fileRef = FB477AA1120CAAB700FA7C4E /* Three20.bundle */; };
		FB477ADE120CAAD900FA7C4E /* QuartzCore.framework in Frameworks */ = {isa = PBXBuildFile; fileRef = FB477ADD120CAAD900FA7C4E /* QuartzCore.framework */; };
		FB477AF1120CACEA00FA7C4E /* SecondViewController.m in Sources */ = {isa = PBXBuildFile; fileRef = FB477AF0120CACEA00FA7C4E /* SecondViewController.m */; };
/* End PBXBuildFile section */

/* Begin PBXContainerItemProxy section */
		FB477A41120CA95E00FA7C4E /* PBXContainerItemProxy */ = {
			isa = PBXContainerItemProxy;
			containerPortal = FB477A16120CA95D00FA7C4E /* Three20.xcodeproj */;
			proxyType = 2;
			remoteGlobalIDString = BEF31F3A0F352DF5000DE5D2;
			remoteInfo = Three20;
		};
		FB477A43120CA95E00FA7C4E /* PBXContainerItemProxy */ = {
			isa = PBXContainerItemProxy;
			containerPortal = FB477A16120CA95D00FA7C4E /* Three20.xcodeproj */;
			proxyType = 2;
			remoteGlobalIDString = EB9E6C6210B6A8F800DE563C;
			remoteInfo = UnitTests;
		};
		FB477A68120CA9A500FA7C4E /* PBXContainerItemProxy */ = {
			isa = PBXContainerItemProxy;
			containerPortal = FB477A54120CA9A500FA7C4E /* Three20Core.xcodeproj */;
			proxyType = 2;
			remoteGlobalIDString = BEF31F3A0F352DF5000DE5D2;
			remoteInfo = Three20Core;
		};
		FB477A6A120CA9A500FA7C4E /* PBXContainerItemProxy */ = {
			isa = PBXContainerItemProxy;
			containerPortal = FB477A54120CA9A500FA7C4E /* Three20Core.xcodeproj */;
			proxyType = 2;
			remoteGlobalIDString = EB9E6C6210B6A8F800DE563C;
			remoteInfo = UnitTests;
		};
		FB477A6E120CA9A500FA7C4E /* PBXContainerItemProxy */ = {
			isa = PBXContainerItemProxy;
			containerPortal = FB477A57120CA9A500FA7C4E /* Three20Network.xcodeproj */;
			proxyType = 2;
			remoteGlobalIDString = BEF31F3A0F352DF5000DE5D2;
			remoteInfo = Three20Network;
		};
		FB477A70120CA9A500FA7C4E /* PBXContainerItemProxy */ = {
			isa = PBXContainerItemProxy;
			containerPortal = FB477A57120CA9A500FA7C4E /* Three20Network.xcodeproj */;
			proxyType = 2;
			remoteGlobalIDString = EB9E6C6210B6A8F800DE563C;
			remoteInfo = UnitTests;
		};
		FB477A74120CA9A500FA7C4E /* PBXContainerItemProxy */ = {
			isa = PBXContainerItemProxy;
			containerPortal = FB477A5A120CA9A500FA7C4E /* Three20Style.xcodeproj */;
			proxyType = 2;
			remoteGlobalIDString = BEF31F3A0F352DF5000DE5D2;
			remoteInfo = Three20Style;
		};
		FB477A76120CA9A500FA7C4E /* PBXContainerItemProxy */ = {
			isa = PBXContainerItemProxy;
			containerPortal = FB477A5A120CA9A500FA7C4E /* Three20Style.xcodeproj */;
			proxyType = 2;
			remoteGlobalIDString = EB9E6C6210B6A8F800DE563C;
			remoteInfo = UnitTests;
		};
		FB477A7A120CA9A500FA7C4E /* PBXContainerItemProxy */ = {
			isa = PBXContainerItemProxy;
			containerPortal = FB477A5D120CA9A500FA7C4E /* Three20UICommon.xcodeproj */;
			proxyType = 2;
			remoteGlobalIDString = BEF31F3A0F352DF5000DE5D2;
			remoteInfo = Three20UICommon;
		};
		FB477A7C120CA9A500FA7C4E /* PBXContainerItemProxy */ = {
			isa = PBXContainerItemProxy;
			containerPortal = FB477A5D120CA9A500FA7C4E /* Three20UICommon.xcodeproj */;
			proxyType = 2;
			remoteGlobalIDString = EB9E6C6210B6A8F800DE563C;
			remoteInfo = UnitTests;
		};
		FB477A80120CA9A500FA7C4E /* PBXContainerItemProxy */ = {
			isa = PBXContainerItemProxy;
			containerPortal = FB477A60120CA9A500FA7C4E /* Three20UINavigator.xcodeproj */;
			proxyType = 2;
			remoteGlobalIDString = BEF31F3A0F352DF5000DE5D2;
			remoteInfo = Three20UINavigator;
		};
		FB477A82120CA9A500FA7C4E /* PBXContainerItemProxy */ = {
			isa = PBXContainerItemProxy;
			containerPortal = FB477A60120CA9A500FA7C4E /* Three20UINavigator.xcodeproj */;
			proxyType = 2;
			remoteGlobalIDString = EB9E6C6210B6A8F800DE563C;
			remoteInfo = UnitTests;
		};
		FB477A86120CA9A500FA7C4E /* PBXContainerItemProxy */ = {
			isa = PBXContainerItemProxy;
			containerPortal = FB477A63120CA9A500FA7C4E /* Three20UI.xcodeproj */;
			proxyType = 2;
			remoteGlobalIDString = BEF31F3A0F352DF5000DE5D2;
			remoteInfo = Three20UI;
		};
		FB477A88120CA9A500FA7C4E /* PBXContainerItemProxy */ = {
			isa = PBXContainerItemProxy;
			containerPortal = FB477A63120CA9A500FA7C4E /* Three20UI.xcodeproj */;
			proxyType = 2;
			remoteGlobalIDString = EB9E6C6210B6A8F800DE563C;
			remoteInfo = UnitTests;
		};
		FB477A92120CAA8300FA7C4E /* PBXContainerItemProxy */ = {
			isa = PBXContainerItemProxy;
			containerPortal = FB477A60120CA9A500FA7C4E /* Three20UINavigator.xcodeproj */;
			proxyType = 1;
			remoteGlobalIDString = BEF31F390F352DF5000DE5D2;
			remoteInfo = Three20UINavigator;
		};
		FB477A94120CAA8300FA7C4E /* PBXContainerItemProxy */ = {
			isa = PBXContainerItemProxy;
			containerPortal = FB477A54120CA9A500FA7C4E /* Three20Core.xcodeproj */;
			proxyType = 1;
			remoteGlobalIDString = BEF31F390F352DF5000DE5D2;
			remoteInfo = Three20Core;
		};
		FB477A96120CAA8300FA7C4E /* PBXContainerItemProxy */ = {
			isa = PBXContainerItemProxy;
			containerPortal = FB477A16120CA95D00FA7C4E /* Three20.xcodeproj */;
			proxyType = 1;
			remoteGlobalIDString = BEF31F390F352DF5000DE5D2;
			remoteInfo = Three20;
		};
		FB477A98120CAA8300FA7C4E /* PBXContainerItemProxy */ = {
			isa = PBXContainerItemProxy;
			containerPortal = FB477A63120CA9A500FA7C4E /* Three20UI.xcodeproj */;
			proxyType = 1;
			remoteGlobalIDString = BEF31F390F352DF5000DE5D2;
			remoteInfo = Three20UI;
		};
		FB477A9A120CAA8300FA7C4E /* PBXContainerItemProxy */ = {
			isa = PBXContainerItemProxy;
			containerPortal = FB477A57120CA9A500FA7C4E /* Three20Network.xcodeproj */;
			proxyType = 1;
			remoteGlobalIDString = BEF31F390F352DF5000DE5D2;
			remoteInfo = Three20Network;
		};
		FB477A9C120CAA8300FA7C4E /* PBXContainerItemProxy */ = {
			isa = PBXContainerItemProxy;
			containerPortal = FB477A5D120CA9A500FA7C4E /* Three20UICommon.xcodeproj */;
			proxyType = 1;
			remoteGlobalIDString = BEF31F390F352DF5000DE5D2;
			remoteInfo = Three20UICommon;
		};
		FB477A9E120CAA8300FA7C4E /* PBXContainerItemProxy */ = {
			isa = PBXContainerItemProxy;
			containerPortal = FB477A5A120CA9A500FA7C4E /* Three20Style.xcodeproj */;
			proxyType = 1;
			remoteGlobalIDString = BEF31F390F352DF5000DE5D2;
			remoteInfo = Three20Style;
		};
/* End PBXContainerItemProxy section */

/* Begin PBXFileReference section */
		03AF412612120F8D0061D5DD /* FlickrController.h */ = {isa = PBXFileReference; fileEncoding = 4; lastKnownFileType = sourcecode.c.h; path = FlickrController.h; sourceTree = "<group>"; };
		03AF412712120F8D0061D5DD /* FlickrController.m */ = {isa = PBXFileReference; fileEncoding = 4; lastKnownFileType = sourcecode.c.objc; path = FlickrController.m; sourceTree = "<group>"; };
		03AF412812120F8D0061D5DD /* FlickrController.xib */ = {isa = PBXFileReference; lastKnownFileType = file.xib; path = FlickrController.xib; sourceTree = "<group>"; };
		03AF412912120F8D0061D5DD /* FlickrPageViewController.h */ = {isa = PBXFileReference; fileEncoding = 4; lastKnownFileType = sourcecode.c.h; path = FlickrPageViewController.h; sourceTree = "<group>"; };
		03AF412A12120F8D0061D5DD /* FlickrPageViewController.m */ = {isa = PBXFileReference; fileEncoding = 4; lastKnownFileType = sourcecode.c.objc; path = FlickrPageViewController.m; sourceTree = "<group>"; };
		03AF412E12120FA80061D5DD /* photoIcon.png */ = {isa = PBXFileReference; lastKnownFileType = image.png; path = photoIcon.png; sourceTree = "<group>"; };
		03AF412F12120FA80061D5DD /* roundrecbuttonnorm.png */ = {isa = PBXFileReference; lastKnownFileType = image.png; path = roundrecbuttonnorm.png; sourceTree = "<group>"; };
		03CD36EA120D0F240054728C /* SessionViewController.h */ = {isa = PBXFileReference; fileEncoding = 4; lastKnownFileType = sourcecode.c.h; path = SessionViewController.h; sourceTree = "<group>"; };
		03CD36EB120D0F240054728C /* SessionViewController.m */ = {isa = PBXFileReference; fileEncoding = 4; lastKnownFileType = sourcecode.c.objc; path = SessionViewController.m; sourceTree = "<group>"; };
		03CD36EC120D0F240054728C /* SessionViewController.xib */ = {isa = PBXFileReference; lastKnownFileType = file.xib; name = SessionViewController.xib; path = Classes/SessionViewController.xib; sourceTree = "<group>"; };
		03CD372A120D68940054728C /* JSON.h */ = {isa = PBXFileReference; fileEncoding = 4; lastKnownFileType = sourcecode.c.h; path = JSON.h; sourceTree = "<group>"; };
		03CD372B120D68940054728C /* NSObject+SBJSON.h */ = {isa = PBXFileReference; fileEncoding = 4; lastKnownFileType = sourcecode.c.h; path = "NSObject+SBJSON.h"; sourceTree = "<group>"; };
		03CD372C120D68940054728C /* NSObject+SBJSON.m */ = {isa = PBXFileReference; fileEncoding = 4; lastKnownFileType = sourcecode.c.objc; path = "NSObject+SBJSON.m"; sourceTree = "<group>"; };
		03CD372D120D68940054728C /* NSString+SBJSON.h */ = {isa = PBXFileReference; fileEncoding = 4; lastKnownFileType = sourcecode.c.h; path = "NSString+SBJSON.h"; sourceTree = "<group>"; };
		03CD372E120D68940054728C /* NSString+SBJSON.m */ = {isa = PBXFileReference; fileEncoding = 4; lastKnownFileType = sourcecode.c.objc; path = "NSString+SBJSON.m"; sourceTree = "<group>"; };
		03CD372F120D68940054728C /* SBJSON.h */ = {isa = PBXFileReference; fileEncoding = 4; lastKnownFileType = sourcecode.c.h; path = SBJSON.h; sourceTree = "<group>"; };
		03CD3730120D68940054728C /* SBJSON.m */ = {isa = PBXFileReference; fileEncoding = 4; lastKnownFileType = sourcecode.c.objc; path = SBJSON.m; sourceTree = "<group>"; };
		03CD3731120D68940054728C /* SBJsonBase.h */ = {isa = PBXFileReference; fileEncoding = 4; lastKnownFileType = sourcecode.c.h; path = SBJsonBase.h; sourceTree = "<group>"; };
		03CD3732120D68940054728C /* SBJsonBase.m */ = {isa = PBXFileReference; fileEncoding = 4; lastKnownFileType = sourcecode.c.objc; path = SBJsonBase.m; sourceTree = "<group>"; };
		03CD3733120D68940054728C /* SBJsonParser.h */ = {isa = PBXFileReference; fileEncoding = 4; lastKnownFileType = sourcecode.c.h; path = SBJsonParser.h; sourceTree = "<group>"; };
		03CD3734120D68940054728C /* SBJsonParser.m */ = {isa = PBXFileReference; fileEncoding = 4; lastKnownFileType = sourcecode.c.objc; path = SBJsonParser.m; sourceTree = "<group>"; };
		03CD3735120D68940054728C /* SBJsonWriter.h */ = {isa = PBXFileReference; fileEncoding = 4; lastKnownFileType = sourcecode.c.h; path = SBJsonWriter.h; sourceTree = "<group>"; };
		03CD3736120D68940054728C /* SBJsonWriter.m */ = {isa = PBXFileReference; fileEncoding = 4; lastKnownFileType = sourcecode.c.objc; path = SBJsonWriter.m; sourceTree = "<group>"; };
		1D30AB110D05D00D00671497 /* Foundation.framework */ = {isa = PBXFileReference; lastKnownFileType = wrapper.framework; name = Foundation.framework; path = System/Library/Frameworks/Foundation.framework; sourceTree = SDKROOT; };
		1D3623240D0F684500981E51 /* CocoaCampAppDelegate.h */ = {isa = PBXFileReference; fileEncoding = 4; lastKnownFileType = sourcecode.c.h; path = CocoaCampAppDelegate.h; sourceTree = "<group>"; };
		1D3623250D0F684500981E51 /* CocoaCampAppDelegate.m */ = {isa = PBXFileReference; fileEncoding = 4; lastKnownFileType = sourcecode.c.objc; path = CocoaCampAppDelegate.m; sourceTree = "<group>"; };
		1D6058910D05DD3D006BFB54 /* CocoaCamp.app */ = {isa = PBXFileReference; explicitFileType = wrapper.application; includeInIndex = 0; path = CocoaCamp.app; sourceTree = BUILT_PRODUCTS_DIR; };
		1DF5F4DF0D08C38300B7A737 /* UIKit.framework */ = {isa = PBXFileReference; lastKnownFileType = wrapper.framework; name = UIKit.framework; path = System/Library/Frameworks/UIKit.framework; sourceTree = SDKROOT; };
		28216C950DB411BC00E5133A /* FirstViewController.h */ = {isa = PBXFileReference; fileEncoding = 4; lastKnownFileType = sourcecode.c.h; path = FirstViewController.h; sourceTree = "<group>"; };
		28216C960DB411BC00E5133A /* FirstViewController.m */ = {isa = PBXFileReference; fileEncoding = 4; lastKnownFileType = sourcecode.c.objc; path = FirstViewController.m; sourceTree = "<group>"; };
		282CCBFD0DB6C98000C4EA27 /* SecondView.xib */ = {isa = PBXFileReference; lastKnownFileType = file.xib; path = SecondView.xib; sourceTree = "<group>"; };
		288765070DF74369002DB57D /* CoreGraphics.framework */ = {isa = PBXFileReference; lastKnownFileType = wrapper.framework; name = CoreGraphics.framework; path = System/Library/Frameworks/CoreGraphics.framework; sourceTree = SDKROOT; };
		28A0AB4B0D9B1048005BE974 /* CocoaCamp_Prefix.pch */ = {isa = PBXFileReference; fileEncoding = 4; lastKnownFileType = sourcecode.c.h; path = CocoaCamp_Prefix.pch; sourceTree = "<group>"; };
		28AD73870D9D96C1002E5188 /* MainWindow.xib */ = {isa = PBXFileReference; lastKnownFileType = file.xib; path = MainWindow.xib; sourceTree = "<group>"; };
		29B97316FDCFA39411CA2CEA /* main.m */ = {isa = PBXFileReference; fileEncoding = 4; lastKnownFileType = sourcecode.c.objc; path = main.m; sourceTree = "<group>"; };
		8D1107310486CEB800E47090 /* CocoaCamp-Info.plist */ = {isa = PBXFileReference; fileEncoding = 4; lastKnownFileType = text.plist.xml; path = "CocoaCamp-Info.plist"; plistStructureDefinitionIdentifier = "com.apple.xcode.plist.structure-definition.iphone.info-plist"; sourceTree = "<group>"; };
		AB2AE44D11EBAA8E00015C01 /* 512x512.png */ = {isa = PBXFileReference; lastKnownFileType = image.png; path = 512x512.png; sourceTree = "<group>"; };
		AB2AE45811EBACF500015C01 /* iPhoneAppIcon.png */ = {isa = PBXFileReference; lastKnownFileType = image.png; path = iPhoneAppIcon.png; sourceTree = "<group>"; };
		AB2AE45911EBACF500015C01 /* iPhoneAppIcon@2x.png */ = {isa = PBXFileReference; lastKnownFileType = image.png; path = "iPhoneAppIcon@2x.png"; sourceTree = "<group>"; };
		AB2AE45E11EBAD7D00015C01 /* LICENSE.txt */ = {isa = PBXFileReference; fileEncoding = 4; lastKnownFileType = text; path = LICENSE.txt; sourceTree = "<group>"; };
		FB477A16120CA95D00FA7C4E /* Three20.xcodeproj */ = {isa = PBXFileReference; lastKnownFileType = "wrapper.pb-project"; name = Three20.xcodeproj; path = ../three20/src/Three20/Three20.xcodeproj; sourceTree = SOURCE_ROOT; };
		FB477A54120CA9A500FA7C4E /* Three20Core.xcodeproj */ = {isa = PBXFileReference; lastKnownFileType = "wrapper.pb-project"; name = Three20Core.xcodeproj; path = ../three20/src/Three20Core/Three20Core.xcodeproj; sourceTree = SOURCE_ROOT; };
		FB477A57120CA9A500FA7C4E /* Three20Network.xcodeproj */ = {isa = PBXFileReference; lastKnownFileType = "wrapper.pb-project"; name = Three20Network.xcodeproj; path = ../three20/src/Three20Network/Three20Network.xcodeproj; sourceTree = SOURCE_ROOT; };
		FB477A5A120CA9A500FA7C4E /* Three20Style.xcodeproj */ = {isa = PBXFileReference; lastKnownFileType = "wrapper.pb-project"; name = Three20Style.xcodeproj; path = ../three20/src/Three20Style/Three20Style.xcodeproj; sourceTree = SOURCE_ROOT; };
		FB477A5D120CA9A500FA7C4E /* Three20UICommon.xcodeproj */ = {isa = PBXFileReference; lastKnownFileType = "wrapper.pb-project"; name = Three20UICommon.xcodeproj; path = ../three20/src/Three20UICommon/Three20UICommon.xcodeproj; sourceTree = SOURCE_ROOT; };
		FB477A60120CA9A500FA7C4E /* Three20UINavigator.xcodeproj */ = {isa = PBXFileReference; lastKnownFileType = "wrapper.pb-project"; name = Three20UINavigator.xcodeproj; path = ../three20/src/Three20UINavigator/Three20UINavigator.xcodeproj; sourceTree = SOURCE_ROOT; };
		FB477A63120CA9A500FA7C4E /* Three20UI.xcodeproj */ = {isa = PBXFileReference; lastKnownFileType = "wrapper.pb-project"; name = Three20UI.xcodeproj; path = ../three20/src/Three20UI/Three20UI.xcodeproj; sourceTree = SOURCE_ROOT; };
		FB477AA1120CAAB700FA7C4E /* Three20.bundle */ = {isa = PBXFileReference; lastKnownFileType = "wrapper.plug-in"; name = Three20.bundle; path = ../three20/src/Three20.bundle; sourceTree = SOURCE_ROOT; };
		FB477ADD120CAAD900FA7C4E /* QuartzCore.framework */ = {isa = PBXFileReference; lastKnownFileType = wrapper.framework; name = QuartzCore.framework; path = System/Library/Frameworks/QuartzCore.framework; sourceTree = SDKROOT; };
		FB477AEF120CACEA00FA7C4E /* SecondViewController.h */ = {isa = PBXFileReference; fileEncoding = 4; lastKnownFileType = sourcecode.c.h; path = SecondViewController.h; sourceTree = "<group>"; };
		FB477AF0120CACEA00FA7C4E /* SecondViewController.m */ = {isa = PBXFileReference; fileEncoding = 4; lastKnownFileType = sourcecode.c.objc; path = SecondViewController.m; sourceTree = "<group>"; };
/* End PBXFileReference section */

/* Begin PBXFrameworksBuildPhase section */
		1D60588F0D05DD3D006BFB54 /* Frameworks */ = {
			isa = PBXFrameworksBuildPhase;
			buildActionMask = 2147483647;
			files = (
				1D60589F0D05DD5A006BFB54 /* Foundation.framework in Frameworks */,
				1DF5F4E00D08C38300B7A737 /* UIKit.framework in Frameworks */,
				288765080DF74369002DB57D /* CoreGraphics.framework in Frameworks */,
				FB477A8B120CA9CF00FA7C4E /* libThree20.a in Frameworks */,
				FB477A8C120CA9D000FA7C4E /* libThree20Core.a in Frameworks */,
				FB477A8D120CA9D100FA7C4E /* libThree20Network.a in Frameworks */,
				FB477A8E120CA9D100FA7C4E /* libThree20Style.a in Frameworks */,
				FB477A8F120CA9E000FA7C4E /* libThree20UI.a in Frameworks */,
				FB477A90120CA9E200FA7C4E /* libThree20UICommon.a in Frameworks */,
				FB477A91120CA9E200FA7C4E /* libThree20UINavigator.a in Frameworks */,
				FB477ADE120CAAD900FA7C4E /* QuartzCore.framework in Frameworks */,
			);
			runOnlyForDeploymentPostprocessing = 0;
		};
/* End PBXFrameworksBuildPhase section */

/* Begin PBXGroup section */
		03CD3729120D68940054728C /* JSON */ = {
			isa = PBXGroup;
			children = (
				03CD372A120D68940054728C /* JSON.h */,
				03CD372B120D68940054728C /* NSObject+SBJSON.h */,
				03CD372C120D68940054728C /* NSObject+SBJSON.m */,
				03CD372D120D68940054728C /* NSString+SBJSON.h */,
				03CD372E120D68940054728C /* NSString+SBJSON.m */,
				03CD372F120D68940054728C /* SBJSON.h */,
				03CD3730120D68940054728C /* SBJSON.m */,
				03CD3731120D68940054728C /* SBJsonBase.h */,
				03CD3732120D68940054728C /* SBJsonBase.m */,
				03CD3733120D68940054728C /* SBJsonParser.h */,
				03CD3734120D68940054728C /* SBJsonParser.m */,
				03CD3735120D68940054728C /* SBJsonWriter.h */,
				03CD3736120D68940054728C /* SBJsonWriter.m */,
			);
			path = JSON;
			sourceTree = "<group>";
		};
		080E96DDFE201D6D7F000001 /* Classes */ = {
			isa = PBXGroup;
			children = (
				03AF412612120F8D0061D5DD /* FlickrController.h */,
				03AF412712120F8D0061D5DD /* FlickrController.m */,
				03AF412812120F8D0061D5DD /* FlickrController.xib */,
				03AF412912120F8D0061D5DD /* FlickrPageViewController.h */,
				03AF412A12120F8D0061D5DD /* FlickrPageViewController.m */,
				03CD3729120D68940054728C /* JSON */,
				28216C950DB411BC00E5133A /* FirstViewController.h */,
				28216C960DB411BC00E5133A /* FirstViewController.m */,
				1D3623240D0F684500981E51 /* CocoaCampAppDelegate.h */,
				1D3623250D0F684500981E51 /* CocoaCampAppDelegate.m */,
				FB477AEF120CACEA00FA7C4E /* SecondViewController.h */,
				FB477AF0120CACEA00FA7C4E /* SecondViewController.m */,
				03CD36EA120D0F240054728C /* SessionViewController.h */,
				03CD36EB120D0F240054728C /* SessionViewController.m */,
			);
			path = Classes;
			sourceTree = "<group>";
		};
		19C28FACFE9D520D11CA2CBB /* Products */ = {
			isa = PBXGroup;
			children = (
				1D6058910D05DD3D006BFB54 /* CocoaCamp.app */,
			);
			name = Products;
			sourceTree = "<group>";
		};
		29B97314FDCFA39411CA2CEA /* CocoaCamp */ = {
			isa = PBXGroup;
			children = (
				080E96DDFE201D6D7F000001 /* Classes */,
				29B97315FDCFA39411CA2CEA /* Other Sources */,
				29B97317FDCFA39411CA2CEA /* Resources */,
				FB4779BC120CA66E00FA7C4E /* Dependencies */,
				FB477987120CA57C00FA7C4E /* Libraries */,
				29B97323FDCFA39411CA2CEA /* Frameworks */,
				19C28FACFE9D520D11CA2CBB /* Products */,
				AB2AE45E11EBAD7D00015C01 /* LICENSE.txt */,
			);
			name = CocoaCamp;
			sourceTree = "<group>";
		};
		29B97315FDCFA39411CA2CEA /* Other Sources */ = {
			isa = PBXGroup;
			children = (
				28A0AB4B0D9B1048005BE974 /* CocoaCamp_Prefix.pch */,
				29B97316FDCFA39411CA2CEA /* main.m */,
			);
			name = "Other Sources";
			sourceTree = "<group>";
		};
		29B97317FDCFA39411CA2CEA /* Resources */ = {
			isa = PBXGroup;
			children = (
				AB2AE44A11EBAA8500015C01 /* images */,
				282CCBFD0DB6C98000C4EA27 /* SecondView.xib */,
				03CD36EC120D0F240054728C /* SessionViewController.xib */,
				28AD73870D9D96C1002E5188 /* MainWindow.xib */,
				8D1107310486CEB800E47090 /* CocoaCamp-Info.plist */,
			);
			name = Resources;
			sourceTree = "<group>";
		};
		29B97323FDCFA39411CA2CEA /* Frameworks */ = {
			isa = PBXGroup;
			children = (
				1DF5F4DF0D08C38300B7A737 /* UIKit.framework */,
				1D30AB110D05D00D00671497 /* Foundation.framework */,
				288765070DF74369002DB57D /* CoreGraphics.framework */,
				FB477ADD120CAAD900FA7C4E /* QuartzCore.framework */,
			);
			name = Frameworks;
			sourceTree = "<group>";
		};
		AB2AE44A11EBAA8500015C01 /* images */ = {
			isa = PBXGroup;
			children = (
				03AF412E12120FA80061D5DD /* photoIcon.png */,
				03AF412F12120FA80061D5DD /* roundrecbuttonnorm.png */,
				AB2AE45811EBACF500015C01 /* iPhoneAppIcon.png */,
				AB2AE45911EBACF500015C01 /* iPhoneAppIcon@2x.png */,
				AB2AE44D11EBAA8E00015C01 /* 512x512.png */,
			);
			name = images;
			sourceTree = "<group>";
		};
		FB477987120CA57C00FA7C4E /* Libraries */ = {
			isa = PBXGroup;
			children = (
			);
			path = Libraries;
			sourceTree = "<group>";
		};
		FB4779BC120CA66E00FA7C4E /* Dependencies */ = {
			isa = PBXGroup;
			children = (
				FB477AA1120CAAB700FA7C4E /* Three20.bundle */,
				FB477A16120CA95D00FA7C4E /* Three20.xcodeproj */,
				FB477A54120CA9A500FA7C4E /* Three20Core.xcodeproj */,
				FB477A57120CA9A500FA7C4E /* Three20Network.xcodeproj */,
				FB477A5A120CA9A500FA7C4E /* Three20Style.xcodeproj */,
				FB477A5D120CA9A500FA7C4E /* Three20UICommon.xcodeproj */,
				FB477A60120CA9A500FA7C4E /* Three20UINavigator.xcodeproj */,
				FB477A63120CA9A500FA7C4E /* Three20UI.xcodeproj */,
			);
			name = Dependencies;
			sourceTree = "<group>";
		};
		FB477A17120CA95D00FA7C4E /* Products */ = {
			isa = PBXGroup;
			children = (
				FB477A42120CA95E00FA7C4E /* libThree20.a */,
				FB477A44120CA95E00FA7C4E /* UnitTests.octest */,
			);
			name = Products;
			sourceTree = "<group>";
		};
		FB477A55120CA9A500FA7C4E /* Products */ = {
			isa = PBXGroup;
			children = (
				FB477A69120CA9A500FA7C4E /* libThree20Core.a */,
				FB477A6B120CA9A500FA7C4E /* CoreUnitTests.octest */,
			);
			name = Products;
			sourceTree = "<group>";
		};
		FB477A58120CA9A500FA7C4E /* Products */ = {
			isa = PBXGroup;
			children = (
				FB477A6F120CA9A500FA7C4E /* libThree20Network.a */,
				FB477A71120CA9A500FA7C4E /* UnitTests.octest */,
			);
			name = Products;
			sourceTree = "<group>";
		};
		FB477A5B120CA9A500FA7C4E /* Products */ = {
			isa = PBXGroup;
			children = (
				FB477A75120CA9A500FA7C4E /* libThree20Style.a */,
				FB477A77120CA9A500FA7C4E /* UnitTests.octest */,
			);
			name = Products;
			sourceTree = "<group>";
		};
		FB477A5E120CA9A500FA7C4E /* Products */ = {
			isa = PBXGroup;
			children = (
				FB477A7B120CA9A500FA7C4E /* libThree20UICommon.a */,
				FB477A7D120CA9A500FA7C4E /* UnitTests.octest */,
			);
			name = Products;
			sourceTree = "<group>";
		};
		FB477A61120CA9A500FA7C4E /* Products */ = {
			isa = PBXGroup;
			children = (
				FB477A81120CA9A500FA7C4E /* libThree20UINavigator.a */,
				FB477A83120CA9A500FA7C4E /* UnitTests.octest */,
			);
			name = Products;
			sourceTree = "<group>";
		};
		FB477A64120CA9A500FA7C4E /* Products */ = {
			isa = PBXGroup;
			children = (
				FB477A87120CA9A500FA7C4E /* libThree20UI.a */,
				FB477A89120CA9A500FA7C4E /* UnitTests.octest */,
			);
			name = Products;
			sourceTree = "<group>";
		};
/* End PBXGroup section */

/* Begin PBXNativeTarget section */
		1D6058900D05DD3D006BFB54 /* CocoaCamp */ = {
			isa = PBXNativeTarget;
			buildConfigurationList = 1D6058960D05DD3E006BFB54 /* Build configuration list for PBXNativeTarget "CocoaCamp" */;
			buildPhases = (
				1D60588D0D05DD3D006BFB54 /* Resources */,
				1D60588E0D05DD3D006BFB54 /* Sources */,
				1D60588F0D05DD3D006BFB54 /* Frameworks */,
			);
			buildRules = (
			);
			dependencies = (
				FB477A93120CAA8300FA7C4E /* PBXTargetDependency */,
				FB477A95120CAA8300FA7C4E /* PBXTargetDependency */,
				FB477A97120CAA8300FA7C4E /* PBXTargetDependency */,
				FB477A99120CAA8300FA7C4E /* PBXTargetDependency */,
				FB477A9B120CAA8300FA7C4E /* PBXTargetDependency */,
				FB477A9D120CAA8300FA7C4E /* PBXTargetDependency */,
				FB477A9F120CAA8300FA7C4E /* PBXTargetDependency */,
			);
			name = CocoaCamp;
			productName = CocoaCamp;
			productReference = 1D6058910D05DD3D006BFB54 /* CocoaCamp.app */;
			productType = "com.apple.product-type.application";
		};
/* End PBXNativeTarget section */

/* Begin PBXProject section */
		29B97313FDCFA39411CA2CEA /* Project object */ = {
			isa = PBXProject;
			buildConfigurationList = C01FCF4E08A954540054247B /* Build configuration list for PBXProject "CocoaCamp" */;
			compatibilityVersion = "Xcode 3.1";
			hasScannedForEncodings = 1;
			mainGroup = 29B97314FDCFA39411CA2CEA /* CocoaCamp */;
			projectDirPath = "";
			projectReferences = (
				{
					ProductGroup = FB477A17120CA95D00FA7C4E /* Products */;
					ProjectRef = FB477A16120CA95D00FA7C4E /* Three20.xcodeproj */;
				},
				{
					ProductGroup = FB477A55120CA9A500FA7C4E /* Products */;
					ProjectRef = FB477A54120CA9A500FA7C4E /* Three20Core.xcodeproj */;
				},
				{
					ProductGroup = FB477A58120CA9A500FA7C4E /* Products */;
					ProjectRef = FB477A57120CA9A500FA7C4E /* Three20Network.xcodeproj */;
				},
				{
					ProductGroup = FB477A5B120CA9A500FA7C4E /* Products */;
					ProjectRef = FB477A5A120CA9A500FA7C4E /* Three20Style.xcodeproj */;
				},
				{
					ProductGroup = FB477A64120CA9A500FA7C4E /* Products */;
					ProjectRef = FB477A63120CA9A500FA7C4E /* Three20UI.xcodeproj */;
				},
				{
					ProductGroup = FB477A5E120CA9A500FA7C4E /* Products */;
					ProjectRef = FB477A5D120CA9A500FA7C4E /* Three20UICommon.xcodeproj */;
				},
				{
					ProductGroup = FB477A61120CA9A500FA7C4E /* Products */;
					ProjectRef = FB477A60120CA9A500FA7C4E /* Three20UINavigator.xcodeproj */;
				},
			);
			projectRoot = "";
			targets = (
				1D6058900D05DD3D006BFB54 /* CocoaCamp */,
			);
		};
/* End PBXProject section */

/* Begin PBXReferenceProxy section */
		FB477A42120CA95E00FA7C4E /* libThree20.a */ = {
			isa = PBXReferenceProxy;
			fileType = archive.ar;
			path = libThree20.a;
			remoteRef = FB477A41120CA95E00FA7C4E /* PBXContainerItemProxy */;
			sourceTree = BUILT_PRODUCTS_DIR;
		};
		FB477A44120CA95E00FA7C4E /* UnitTests.octest */ = {
			isa = PBXReferenceProxy;
			fileType = wrapper.cfbundle;
			path = UnitTests.octest;
			remoteRef = FB477A43120CA95E00FA7C4E /* PBXContainerItemProxy */;
			sourceTree = BUILT_PRODUCTS_DIR;
		};
		FB477A69120CA9A500FA7C4E /* libThree20Core.a */ = {
			isa = PBXReferenceProxy;
			fileType = archive.ar;
			path = libThree20Core.a;
			remoteRef = FB477A68120CA9A500FA7C4E /* PBXContainerItemProxy */;
			sourceTree = BUILT_PRODUCTS_DIR;
		};
		FB477A6B120CA9A500FA7C4E /* CoreUnitTests.octest */ = {
			isa = PBXReferenceProxy;
			fileType = wrapper.cfbundle;
			path = CoreUnitTests.octest;
			remoteRef = FB477A6A120CA9A500FA7C4E /* PBXContainerItemProxy */;
			sourceTree = BUILT_PRODUCTS_DIR;
		};
		FB477A6F120CA9A500FA7C4E /* libThree20Network.a */ = {
			isa = PBXReferenceProxy;
			fileType = archive.ar;
			path = libThree20Network.a;
			remoteRef = FB477A6E120CA9A500FA7C4E /* PBXContainerItemProxy */;
			sourceTree = BUILT_PRODUCTS_DIR;
		};
		FB477A71120CA9A500FA7C4E /* UnitTests.octest */ = {
			isa = PBXReferenceProxy;
			fileType = wrapper.cfbundle;
			path = UnitTests.octest;
			remoteRef = FB477A70120CA9A500FA7C4E /* PBXContainerItemProxy */;
			sourceTree = BUILT_PRODUCTS_DIR;
		};
		FB477A75120CA9A500FA7C4E /* libThree20Style.a */ = {
			isa = PBXReferenceProxy;
			fileType = archive.ar;
			path = libThree20Style.a;
			remoteRef = FB477A74120CA9A500FA7C4E /* PBXContainerItemProxy */;
			sourceTree = BUILT_PRODUCTS_DIR;
		};
		FB477A77120CA9A500FA7C4E /* UnitTests.octest */ = {
			isa = PBXReferenceProxy;
			fileType = wrapper.cfbundle;
			path = UnitTests.octest;
			remoteRef = FB477A76120CA9A500FA7C4E /* PBXContainerItemProxy */;
			sourceTree = BUILT_PRODUCTS_DIR;
		};
		FB477A7B120CA9A500FA7C4E /* libThree20UICommon.a */ = {
			isa = PBXReferenceProxy;
			fileType = archive.ar;
			path = libThree20UICommon.a;
			remoteRef = FB477A7A120CA9A500FA7C4E /* PBXContainerItemProxy */;
			sourceTree = BUILT_PRODUCTS_DIR;
		};
		FB477A7D120CA9A500FA7C4E /* UnitTests.octest */ = {
			isa = PBXReferenceProxy;
			fileType = wrapper.cfbundle;
			path = UnitTests.octest;
			remoteRef = FB477A7C120CA9A500FA7C4E /* PBXContainerItemProxy */;
			sourceTree = BUILT_PRODUCTS_DIR;
		};
		FB477A81120CA9A500FA7C4E /* libThree20UINavigator.a */ = {
			isa = PBXReferenceProxy;
			fileType = archive.ar;
			path = libThree20UINavigator.a;
			remoteRef = FB477A80120CA9A500FA7C4E /* PBXContainerItemProxy */;
			sourceTree = BUILT_PRODUCTS_DIR;
		};
		FB477A83120CA9A500FA7C4E /* UnitTests.octest */ = {
			isa = PBXReferenceProxy;
			fileType = wrapper.cfbundle;
			path = UnitTests.octest;
			remoteRef = FB477A82120CA9A500FA7C4E /* PBXContainerItemProxy */;
			sourceTree = BUILT_PRODUCTS_DIR;
		};
		FB477A87120CA9A500FA7C4E /* libThree20UI.a */ = {
			isa = PBXReferenceProxy;
			fileType = archive.ar;
			path = libThree20UI.a;
			remoteRef = FB477A86120CA9A500FA7C4E /* PBXContainerItemProxy */;
			sourceTree = BUILT_PRODUCTS_DIR;
		};
		FB477A89120CA9A500FA7C4E /* UnitTests.octest */ = {
			isa = PBXReferenceProxy;
			fileType = wrapper.cfbundle;
			path = UnitTests.octest;
			remoteRef = FB477A88120CA9A500FA7C4E /* PBXContainerItemProxy */;
			sourceTree = BUILT_PRODUCTS_DIR;
		};
/* End PBXReferenceProxy section */

/* Begin PBXResourcesBuildPhase section */
		1D60588D0D05DD3D006BFB54 /* Resources */ = {
			isa = PBXResourcesBuildPhase;
			buildActionMask = 2147483647;
			files = (
				28AD73880D9D96C1002E5188 /* MainWindow.xib in Resources */,
				282CCBFE0DB6C98000C4EA27 /* SecondView.xib in Resources */,
				AB2AE44E11EBAA8E00015C01 /* 512x512.png in Resources */,
				AB2AE45A11EBACF500015C01 /* iPhoneAppIcon.png in Resources */,
				AB2AE45B11EBACF500015C01 /* iPhoneAppIcon@2x.png in Resources */,
				AB2AE45F11EBAD7D00015C01 /* LICENSE.txt in Resources */,
				FB477AA2120CAAB700FA7C4E /* Three20.bundle in Resources */,
				03CD36EE120D0F240054728C /* SessionViewController.xib in Resources */,
				03AF412C12120F8D0061D5DD /* FlickrController.xib in Resources */,
				03AF413012120FA80061D5DD /* photoIcon.png in Resources */,
				03AF413112120FA80061D5DD /* roundrecbuttonnorm.png in Resources */,
			);
			runOnlyForDeploymentPostprocessing = 0;
		};
/* End PBXResourcesBuildPhase section */

/* Begin PBXSourcesBuildPhase section */
		1D60588E0D05DD3D006BFB54 /* Sources */ = {
			isa = PBXSourcesBuildPhase;
			buildActionMask = 2147483647;
			files = (
				1D60589B0D05DD56006BFB54 /* main.m in Sources */,
				1D3623260D0F684500981E51 /* CocoaCampAppDelegate.m in Sources */,
				28216C970DB411BC00E5133A /* FirstViewController.m in Sources */,
				FB477AF1120CACEA00FA7C4E /* SecondViewController.m in Sources */,
				03CD36ED120D0F240054728C /* SessionViewController.m in Sources */,
				03CD3737120D68940054728C /* NSObject+SBJSON.m in Sources */,
				03CD3738120D68940054728C /* NSString+SBJSON.m in Sources */,
				03CD3739120D68940054728C /* SBJSON.m in Sources */,
				03CD373A120D68940054728C /* SBJsonBase.m in Sources */,
				03CD373B120D68940054728C /* SBJsonParser.m in Sources */,
				03CD373C120D68940054728C /* SBJsonWriter.m in Sources */,
				03AF412B12120F8D0061D5DD /* FlickrController.m in Sources */,
				03AF412D12120F8D0061D5DD /* FlickrPageViewController.m in Sources */,
			);
			runOnlyForDeploymentPostprocessing = 0;
		};
/* End PBXSourcesBuildPhase section */

/* Begin PBXTargetDependency section */
		FB477A93120CAA8300FA7C4E /* PBXTargetDependency */ = {
			isa = PBXTargetDependency;
			name = Three20UINavigator;
			targetProxy = FB477A92120CAA8300FA7C4E /* PBXContainerItemProxy */;
		};
		FB477A95120CAA8300FA7C4E /* PBXTargetDependency */ = {
			isa = PBXTargetDependency;
			name = Three20Core;
			targetProxy = FB477A94120CAA8300FA7C4E /* PBXContainerItemProxy */;
		};
		FB477A97120CAA8300FA7C4E /* PBXTargetDependency */ = {
			isa = PBXTargetDependency;
			name = Three20;
			targetProxy = FB477A96120CAA8300FA7C4E /* PBXContainerItemProxy */;
		};
		FB477A99120CAA8300FA7C4E /* PBXTargetDependency */ = {
			isa = PBXTargetDependency;
			name = Three20UI;
			targetProxy = FB477A98120CAA8300FA7C4E /* PBXContainerItemProxy */;
		};
		FB477A9B120CAA8300FA7C4E /* PBXTargetDependency */ = {
			isa = PBXTargetDependency;
			name = Three20Network;
			targetProxy = FB477A9A120CAA8300FA7C4E /* PBXContainerItemProxy */;
		};
		FB477A9D120CAA8300FA7C4E /* PBXTargetDependency */ = {
			isa = PBXTargetDependency;
			name = Three20UICommon;
			targetProxy = FB477A9C120CAA8300FA7C4E /* PBXContainerItemProxy */;
		};
		FB477A9F120CAA8300FA7C4E /* PBXTargetDependency */ = {
			isa = PBXTargetDependency;
			name = Three20Style;
			targetProxy = FB477A9E120CAA8300FA7C4E /* PBXContainerItemProxy */;
		};
/* End PBXTargetDependency section */

/* Begin XCBuildConfiguration section */
		1D6058940D05DD3E006BFB54 /* Debug */ = {
			isa = XCBuildConfiguration;
			buildSettings = {
				ALWAYS_SEARCH_USER_PATHS = NO;
				COPY_PHASE_STRIP = NO;
				GCC_DYNAMIC_NO_PIC = NO;
				GCC_OPTIMIZATION_LEVEL = 0;
				GCC_PRECOMPILE_PREFIX_HEADER = YES;
				GCC_PREFIX_HEADER = CocoaCamp_Prefix.pch;
				INFOPLIST_FILE = "CocoaCamp-Info.plist";
				PRODUCT_NAME = CocoaCamp;
			};
			name = Debug;
		};
		1D6058950D05DD3E006BFB54 /* Release */ = {
			isa = XCBuildConfiguration;
			buildSettings = {
				ALWAYS_SEARCH_USER_PATHS = NO;
				COPY_PHASE_STRIP = YES;
				GCC_PRECOMPILE_PREFIX_HEADER = YES;
				GCC_PREFIX_HEADER = CocoaCamp_Prefix.pch;
				INFOPLIST_FILE = "CocoaCamp-Info.plist";
				PRODUCT_NAME = CocoaCamp;
				VALIDATE_PRODUCT = YES;
			};
			name = Release;
		};
		C01FCF4F08A954540054247B /* Debug */ = {
			isa = XCBuildConfiguration;
			buildSettings = {
				ARCHS = "$(ARCHS_STANDARD_32_BIT)";
				"CODE_SIGN_IDENTITY[sdk=iphoneos*]" = "iPhone Developer";
				GCC_C_LANGUAGE_STANDARD = c99;
				GCC_WARN_ABOUT_RETURN_TYPE = YES;
				GCC_WARN_UNUSED_VARIABLE = YES;
				HEADER_SEARCH_PATHS = ../three20/Build/Products/three20;
				OTHER_LDFLAGS = (
					"-ObjC",
					"-all_load",
				);
				PREBINDING = NO;
				SDKROOT = iphoneos4.0;
			};
			name = Debug;
		};
		C01FCF5008A954540054247B /* Release */ = {
			isa = XCBuildConfiguration;
			buildSettings = {
				ARCHS = "$(ARCHS_STANDARD_32_BIT)";
				"CODE_SIGN_IDENTITY[sdk=iphoneos*]" = "iPhone Developer";
				GCC_C_LANGUAGE_STANDARD = c99;
				GCC_WARN_ABOUT_RETURN_TYPE = YES;
				GCC_WARN_UNUSED_VARIABLE = YES;
				HEADER_SEARCH_PATHS = ../three20/Build/Products/three20;
				OTHER_CFLAGS = "-DNS_BLOCK_ASSERTIONS=1";
				OTHER_LDFLAGS = (
					"-ObjC",
					"-all_load",
				);
				PREBINDING = NO;
				SDKROOT = iphoneos4.0;
			};
			name = Release;
		};
/* End XCBuildConfiguration section */

/* Begin XCConfigurationList section */
		1D6058960D05DD3E006BFB54 /* Build configuration list for PBXNativeTarget "CocoaCamp" */ = {
			isa = XCConfigurationList;
			buildConfigurations = (
				1D6058940D05DD3E006BFB54 /* Debug */,
				1D6058950D05DD3E006BFB54 /* Release */,
			);
			defaultConfigurationIsVisible = 0;
			defaultConfigurationName = Release;
		};
		C01FCF4E08A954540054247B /* Build configuration list for PBXProject "CocoaCamp" */ = {
			isa = XCConfigurationList;
			buildConfigurations = (
				C01FCF4F08A954540054247B /* Debug */,
				C01FCF5008A954540054247B /* Release */,
			);
			defaultConfigurationIsVisible = 0;
			defaultConfigurationName = Release;
		};
/* End XCConfigurationList section */
	};
	rootObject = 29B97313FDCFA39411CA2CEA /* Project object */;
}
